// !$*UTF8*$!
{
	archiveVersion = 1;
	classes = {
	};
	objectVersion = 50;
	objects = {

/* Begin PBXBuildFile section */
		602A494126C581B200C637D7 /* MenuBackgroundReusableView.swift in Sources */ = {isa = PBXBuildFile; fileRef = 602A494026C581B200C637D7 /* MenuBackgroundReusableView.swift */; };
		602A494326C5842B00C637D7 /* CALayer + Extension.swift in Sources */ = {isa = PBXBuildFile; fileRef = 602A494226C5842B00C637D7 /* CALayer + Extension.swift */; };
		60DF62CA26C1592100B8A83F /* AppDelegate.swift in Sources */ = {isa = PBXBuildFile; fileRef = 60DF62C926C1592100B8A83F /* AppDelegate.swift */; };
		60DF62CC26C1592100B8A83F /* SceneDelegate.swift in Sources */ = {isa = PBXBuildFile; fileRef = 60DF62CB26C1592100B8A83F /* SceneDelegate.swift */; };
		60DF62CE26C1592100B8A83F /* MenuViewController.swift in Sources */ = {isa = PBXBuildFile; fileRef = 60DF62CD26C1592100B8A83F /* MenuViewController.swift */; };
		60DF62D126C1592100B8A83F /* Main.storyboard in Resources */ = {isa = PBXBuildFile; fileRef = 60DF62CF26C1592100B8A83F /* Main.storyboard */; };
		60DF62D326C1592300B8A83F /* Assets.xcassets in Resources */ = {isa = PBXBuildFile; fileRef = 60DF62D226C1592300B8A83F /* Assets.xcassets */; };
		60DF62D626C1592300B8A83F /* LaunchScreen.storyboard in Resources */ = {isa = PBXBuildFile; fileRef = 60DF62D426C1592300B8A83F /* LaunchScreen.storyboard */; };
		60F0E41D26C56E19007412D4 /* CameraViewController.swift in Sources */ = {isa = PBXBuildFile; fileRef = 60F0E41C26C56E19007412D4 /* CameraViewController.swift */; };
		60F0E41F26C56E25007412D4 /* LikedViewController.swift in Sources */ = {isa = PBXBuildFile; fileRef = 60F0E41E26C56E25007412D4 /* LikedViewController.swift */; };
		60F0E42126C56E2D007412D4 /* ProfileViewController.swift in Sources */ = {isa = PBXBuildFile; fileRef = 60F0E42026C56E2D007412D4 /* ProfileViewController.swift */; };
		60F0E42326C56E3E007412D4 /* SearchViewController.swift in Sources */ = {isa = PBXBuildFile; fileRef = 60F0E42226C56E3E007412D4 /* SearchViewController.swift */; };
		60F0E42526C572B2007412D4 /* MenuModel.swift in Sources */ = {isa = PBXBuildFile; fileRef = 60F0E42426C572B2007412D4 /* MenuModel.swift */; };
		60F0E42726C57406007412D4 /* MenuPoint.swift in Sources */ = {isa = PBXBuildFile; fileRef = 60F0E42626C57406007412D4 /* MenuPoint.swift */; };
		60F0E42A26C57423007412D4 /* Header.swift in Sources */ = {isa = PBXBuildFile; fileRef = 60F0E42926C57423007412D4 /* Header.swift */; };
		60F0E42E26C5745E007412D4 /* HeaderItems.swift in Sources */ = {isa = PBXBuildFile; fileRef = 60F0E42D26C5745E007412D4 /* HeaderItems.swift */; };
		60F0E43126C576B1007412D4 /* MenuPointCell.swift in Sources */ = {isa = PBXBuildFile; fileRef = 60F0E42F26C576B1007412D4 /* MenuPointCell.swift */; };
		60F0E43226C576B1007412D4 /* MenuPointCell.xib in Resources */ = {isa = PBXBuildFile; fileRef = 60F0E43026C576B1007412D4 /* MenuPointCell.xib */; };
		60F0E43426C5789C007412D4 /* Decoder.swift in Sources */ = {isa = PBXBuildFile; fileRef = 60F0E43326C5789C007412D4 /* Decoder.swift */; };
		60F0E43626C57978007412D4 /* Menu.json in Resources */ = {isa = PBXBuildFile; fileRef = 60F0E43526C57978007412D4 /* Menu.json */; };
		60F0E43826C5798A007412D4 /* Header.json in Resources */ = {isa = PBXBuildFile; fileRef = 60F0E43726C5798A007412D4 /* Header.json */; };
		60F0E43D26C57CFF007412D4 /* MenuHeaderReusbleView.swift in Sources */ = {isa = PBXBuildFile; fileRef = 60F0E43B26C57CFF007412D4 /* MenuHeaderReusbleView.swift */; };
		60F0E43E26C57CFF007412D4 /* MenuHeaderReusbleView.xib in Resources */ = {isa = PBXBuildFile; fileRef = 60F0E43C26C57CFF007412D4 /* MenuHeaderReusbleView.xib */; };
/* End PBXBuildFile section */

/* Begin PBXFileReference section */
		602A494026C581B200C637D7 /* MenuBackgroundReusableView.swift */ = {isa = PBXFileReference; lastKnownFileType = sourcecode.swift; path = MenuBackgroundReusableView.swift; sourceTree = "<group>"; };
		602A494226C5842B00C637D7 /* CALayer + Extension.swift */ = {isa = PBXFileReference; lastKnownFileType = sourcecode.swift; path = "CALayer + Extension.swift"; sourceTree = "<group>"; };
		60DF62C626C1592100B8A83F /* GoodFood.app */ = {isa = PBXFileReference; explicitFileType = wrapper.application; includeInIndex = 0; path = GoodFood.app; sourceTree = BUILT_PRODUCTS_DIR; };
		60DF62C926C1592100B8A83F /* AppDelegate.swift */ = {isa = PBXFileReference; lastKnownFileType = sourcecode.swift; path = AppDelegate.swift; sourceTree = "<group>"; };
		60DF62CB26C1592100B8A83F /* SceneDelegate.swift */ = {isa = PBXFileReference; lastKnownFileType = sourcecode.swift; path = SceneDelegate.swift; sourceTree = "<group>"; };
		60DF62CD26C1592100B8A83F /* MenuViewController.swift */ = {isa = PBXFileReference; lastKnownFileType = sourcecode.swift; path = MenuViewController.swift; sourceTree = "<group>"; };
		60DF62D026C1592100B8A83F /* Base */ = {isa = PBXFileReference; lastKnownFileType = file.storyboard; name = Base; path = Base.lproj/Main.storyboard; sourceTree = "<group>"; };
		60DF62D226C1592300B8A83F /* Assets.xcassets */ = {isa = PBXFileReference; lastKnownFileType = folder.assetcatalog; path = Assets.xcassets; sourceTree = "<group>"; };
		60DF62D526C1592300B8A83F /* Base */ = {isa = PBXFileReference; lastKnownFileType = file.storyboard; name = Base; path = Base.lproj/LaunchScreen.storyboard; sourceTree = "<group>"; };
		60DF62D726C1592300B8A83F /* Info.plist */ = {isa = PBXFileReference; lastKnownFileType = text.plist.xml; path = Info.plist; sourceTree = "<group>"; };
		60F0E41C26C56E19007412D4 /* CameraViewController.swift */ = {isa = PBXFileReference; lastKnownFileType = sourcecode.swift; path = CameraViewController.swift; sourceTree = "<group>"; };
		60F0E41E26C56E25007412D4 /* LikedViewController.swift */ = {isa = PBXFileReference; lastKnownFileType = sourcecode.swift; path = LikedViewController.swift; sourceTree = "<group>"; };
		60F0E42026C56E2D007412D4 /* ProfileViewController.swift */ = {isa = PBXFileReference; lastKnownFileType = sourcecode.swift; path = ProfileViewController.swift; sourceTree = "<group>"; };
		60F0E42226C56E3E007412D4 /* SearchViewController.swift */ = {isa = PBXFileReference; lastKnownFileType = sourcecode.swift; path = SearchViewController.swift; sourceTree = "<group>"; };
		60F0E42426C572B2007412D4 /* MenuModel.swift */ = {isa = PBXFileReference; lastKnownFileType = sourcecode.swift; path = MenuModel.swift; sourceTree = "<group>"; };
		60F0E42626C57406007412D4 /* MenuPoint.swift */ = {isa = PBXFileReference; lastKnownFileType = sourcecode.swift; path = MenuPoint.swift; sourceTree = "<group>"; };
		60F0E42926C57423007412D4 /* Header.swift */ = {isa = PBXFileReference; lastKnownFileType = sourcecode.swift; path = Header.swift; sourceTree = "<group>"; };
		60F0E42D26C5745E007412D4 /* HeaderItems.swift */ = {isa = PBXFileReference; lastKnownFileType = sourcecode.swift; path = HeaderItems.swift; sourceTree = "<group>"; };
		60F0E42F26C576B1007412D4 /* MenuPointCell.swift */ = {isa = PBXFileReference; lastKnownFileType = sourcecode.swift; path = MenuPointCell.swift; sourceTree = "<group>"; };
		60F0E43026C576B1007412D4 /* MenuPointCell.xib */ = {isa = PBXFileReference; lastKnownFileType = file.xib; path = MenuPointCell.xib; sourceTree = "<group>"; };
		60F0E43326C5789C007412D4 /* Decoder.swift */ = {isa = PBXFileReference; lastKnownFileType = sourcecode.swift; path = Decoder.swift; sourceTree = "<group>"; };
		60F0E43526C57978007412D4 /* Menu.json */ = {isa = PBXFileReference; lastKnownFileType = text.json; path = Menu.json; sourceTree = "<group>"; };
		60F0E43726C5798A007412D4 /* Header.json */ = {isa = PBXFileReference; lastKnownFileType = text.json; path = Header.json; sourceTree = "<group>"; };
		60F0E43B26C57CFF007412D4 /* MenuHeaderReusbleView.swift */ = {isa = PBXFileReference; lastKnownFileType = sourcecode.swift; path = MenuHeaderReusbleView.swift; sourceTree = "<group>"; };
		60F0E43C26C57CFF007412D4 /* MenuHeaderReusbleView.xib */ = {isa = PBXFileReference; lastKnownFileType = file.xib; path = MenuHeaderReusbleView.xib; sourceTree = "<group>"; };
/* End PBXFileReference section */

/* Begin PBXFrameworksBuildPhase section */
		60DF62C326C1592100B8A83F /* Frameworks */ = {
			isa = PBXFrameworksBuildPhase;
			buildActionMask = 2147483647;
			files = (
			);
			runOnlyForDeploymentPostprocessing = 0;
		};
/* End PBXFrameworksBuildPhase section */

/* Begin PBXGroup section */
		602A493F26C5819D00C637D7 /* Decorate */ = {
			isa = PBXGroup;
			children = (
				602A494026C581B200C637D7 /* MenuBackgroundReusableView.swift */,
			);
			path = Decorate;
			sourceTree = "<group>";
		};
		602A494426C586E500C637D7 /* Helpers */ = {
			isa = PBXGroup;
			children = (
				60F0E43326C5789C007412D4 /* Decoder.swift */,
				602A494226C5842B00C637D7 /* CALayer + Extension.swift */,
			);
			path = Helpers;
			sourceTree = "<group>";
		};
		60DF62BD26C1592100B8A83F = {
			isa = PBXGroup;
			children = (
				60DF62C826C1592100B8A83F /* GoodFood */,
				60DF62C726C1592100B8A83F /* Products */,
			);
			sourceTree = "<group>";
		};
		60DF62C726C1592100B8A83F /* Products */ = {
			isa = PBXGroup;
			children = (
				60DF62C626C1592100B8A83F /* GoodFood.app */,
			);
			name = Products;
			sourceTree = "<group>";
		};
		60DF62C826C1592100B8A83F /* GoodFood */ = {
			isa = PBXGroup;
			children = (
				602A494426C586E500C637D7 /* Helpers */,
				60DF62DD26C15A3B00B8A83F /* Application */,
				60F0E41B26C56DD0007412D4 /* Camera */,
				60F0E41A26C56DC9007412D4 /* Liked */,
				60F0E41926C56DAD007412D4 /* Profile */,
				60F0E41826C56DA4007412D4 /* Search */,
				60DF62DF26C15AAC00B8A83F /* Menu */,
			);
			path = GoodFood;
			sourceTree = "<group>";
		};
		60DF62DD26C15A3B00B8A83F /* Application */ = {
			isa = PBXGroup;
			children = (
				60DF62DE26C15A9400B8A83F /* SupportingFiles */,
				60DF62D426C1592300B8A83F /* LaunchScreen.storyboard */,
				60DF62CF26C1592100B8A83F /* Main.storyboard */,
				60DF62CB26C1592100B8A83F /* SceneDelegate.swift */,
				60DF62C926C1592100B8A83F /* AppDelegate.swift */,
			);
			path = Application;
			sourceTree = "<group>";
		};
		60DF62DE26C15A9400B8A83F /* SupportingFiles */ = {
			isa = PBXGroup;
			children = (
				60DF62D726C1592300B8A83F /* Info.plist */,
				60DF62D226C1592300B8A83F /* Assets.xcassets */,
			);
			path = SupportingFiles;
			sourceTree = "<group>";
		};
		60DF62DF26C15AAC00B8A83F /* Menu */ = {
			isa = PBXGroup;
			children = (
				60DF62E026C15B2C00B8A83F /* Model */,
				60DF62E126C15B3300B8A83F /* View */,
				60DF62E226C15B4100B8A83F /* Controller */,
			);
			path = Menu;
			sourceTree = "<group>";
		};
		60DF62E026C15B2C00B8A83F /* Model */ = {
			isa = PBXGroup;
			children = (
				60F0E42C26C57447007412D4 /* MenuHeader */,
				60F0E42B26C5743D007412D4 /* Menu */,
			);
			path = Model;
			sourceTree = "<group>";
		};
		60DF62E126C15B3300B8A83F /* View */ = {
			isa = PBXGroup;
			children = (
				602A493F26C5819D00C637D7 /* Decorate */,
				60F0E43A26C57C9E007412D4 /* Header */,
				60F0E43926C57C8E007412D4 /* Cell */,
			);
			path = View;
			sourceTree = "<group>";
		};
		60DF62E226C15B4100B8A83F /* Controller */ = {
			isa = PBXGroup;
			children = (
				60DF62CD26C1592100B8A83F /* MenuViewController.swift */,
			);
			path = Controller;
			sourceTree = "<group>";
		};
		60F0E41826C56DA4007412D4 /* Search */ = {
			isa = PBXGroup;
			children = (
				60F0E42226C56E3E007412D4 /* SearchViewController.swift */,
			);
			path = Search;
			sourceTree = "<group>";
		};
		60F0E41926C56DAD007412D4 /* Profile */ = {
			isa = PBXGroup;
			children = (
				60F0E42026C56E2D007412D4 /* ProfileViewController.swift */,
			);
			path = Profile;
			sourceTree = "<group>";
		};
		60F0E41A26C56DC9007412D4 /* Liked */ = {
			isa = PBXGroup;
			children = (
				60F0E41E26C56E25007412D4 /* LikedViewController.swift */,
			);
			path = Liked;
			sourceTree = "<group>";
		};
		60F0E41B26C56DD0007412D4 /* Camera */ = {
			isa = PBXGroup;
			children = (
				60F0E41C26C56E19007412D4 /* CameraViewController.swift */,
			);
			path = Camera;
			sourceTree = "<group>";
		};
		60F0E42B26C5743D007412D4 /* Menu */ = {
			isa = PBXGroup;
			children = (
				60F0E43526C57978007412D4 /* Menu.json */,
				60F0E42426C572B2007412D4 /* MenuModel.swift */,
				60F0E42626C57406007412D4 /* MenuPoint.swift */,
			);
			path = Menu;
			sourceTree = "<group>";
		};
		60F0E42C26C57447007412D4 /* MenuHeader */ = {
			isa = PBXGroup;
			children = (
				60F0E42926C57423007412D4 /* Header.swift */,
				60F0E42D26C5745E007412D4 /* HeaderItems.swift */,
				60F0E43726C5798A007412D4 /* Header.json */,
			);
			path = MenuHeader;
			sourceTree = "<group>";
		};
		60F0E43926C57C8E007412D4 /* Cell */ = {
			isa = PBXGroup;
			children = (
				60F0E42F26C576B1007412D4 /* MenuPointCell.swift */,
				60F0E43026C576B1007412D4 /* MenuPointCell.xib */,
			);
			path = Cell;
			sourceTree = "<group>";
		};
		60F0E43A26C57C9E007412D4 /* Header */ = {
			isa = PBXGroup;
			children = (
				60F0E43B26C57CFF007412D4 /* MenuHeaderReusbleView.swift */,
				60F0E43C26C57CFF007412D4 /* MenuHeaderReusbleView.xib */,
			);
			path = Header;
			sourceTree = "<group>";
		};
/* End PBXGroup section */

/* Begin PBXNativeTarget section */
		60DF62C526C1592100B8A83F /* GoodFood */ = {
			isa = PBXNativeTarget;
			buildConfigurationList = 60DF62DA26C1592300B8A83F /* Build configuration list for PBXNativeTarget "GoodFood" */;
			buildPhases = (
				60DF62C226C1592100B8A83F /* Sources */,
				60DF62C326C1592100B8A83F /* Frameworks */,
				60DF62C426C1592100B8A83F /* Resources */,
			);
			buildRules = (
			);
			dependencies = (
			);
			name = GoodFood;
			productName = GoodFood;
			productReference = 60DF62C626C1592100B8A83F /* GoodFood.app */;
			productType = "com.apple.product-type.application";
		};
/* End PBXNativeTarget section */

/* Begin PBXProject section */
		60DF62BE26C1592100B8A83F /* Project object */ = {
			isa = PBXProject;
			attributes = {
				LastSwiftUpdateCheck = 1250;
				LastUpgradeCheck = 1250;
				TargetAttributes = {
					60DF62C526C1592100B8A83F = {
						CreatedOnToolsVersion = 12.5.1;
					};
				};
			};
			buildConfigurationList = 60DF62C126C1592100B8A83F /* Build configuration list for PBXProject "GoodFood" */;
			compatibilityVersion = "Xcode 9.3";
			developmentRegion = en;
			hasScannedForEncodings = 0;
			knownRegions = (
				en,
				Base,
			);
			mainGroup = 60DF62BD26C1592100B8A83F;
			productRefGroup = 60DF62C726C1592100B8A83F /* Products */;
			projectDirPath = "";
			projectRoot = "";
			targets = (
				60DF62C526C1592100B8A83F /* GoodFood */,
			);
		};
/* End PBXProject section */

/* Begin PBXResourcesBuildPhase section */
		60DF62C426C1592100B8A83F /* Resources */ = {
			isa = PBXResourcesBuildPhase;
			buildActionMask = 2147483647;
			files = (
				60F0E43E26C57CFF007412D4 /* MenuHeaderReusbleView.xib in Resources */,
				60DF62D626C1592300B8A83F /* LaunchScreen.storyboard in Resources */,
				60F0E43226C576B1007412D4 /* MenuPointCell.xib in Resources */,
				60F0E43826C5798A007412D4 /* Header.json in Resources */,
				60F0E43626C57978007412D4 /* Menu.json in Resources */,
				60DF62D326C1592300B8A83F /* Assets.xcassets in Resources */,
				60DF62D126C1592100B8A83F /* Main.storyboard in Resources */,
			);
			runOnlyForDeploymentPostprocessing = 0;
		};
/* End PBXResourcesBuildPhase section */

/* Begin PBXSourcesBuildPhase section */
		60DF62C226C1592100B8A83F /* Sources */ = {
			isa = PBXSourcesBuildPhase;
			buildActionMask = 2147483647;
			files = (
				60F0E42A26C57423007412D4 /* Header.swift in Sources */,
				60F0E42526C572B2007412D4 /* MenuModel.swift in Sources */,
				60F0E42126C56E2D007412D4 /* ProfileViewController.swift in Sources */,
				60F0E42326C56E3E007412D4 /* SearchViewController.swift in Sources */,
				60F0E42726C57406007412D4 /* MenuPoint.swift in Sources */,
				602A494126C581B200C637D7 /* MenuBackgroundReusableView.swift in Sources */,
				60DF62CE26C1592100B8A83F /* MenuViewController.swift in Sources */,
				60F0E41D26C56E19007412D4 /* CameraViewController.swift in Sources */,
				60DF62CA26C1592100B8A83F /* AppDelegate.swift in Sources */,
				60DF62CC26C1592100B8A83F /* SceneDelegate.swift in Sources */,
				60F0E43126C576B1007412D4 /* MenuPointCell.swift in Sources */,
				60F0E41F26C56E25007412D4 /* LikedViewController.swift in Sources */,
				60F0E43D26C57CFF007412D4 /* MenuHeaderReusbleView.swift in Sources */,
				602A494326C5842B00C637D7 /* CALayer + Extension.swift in Sources */,
				60F0E42E26C5745E007412D4 /* HeaderItems.swift in Sources */,
				60F0E43426C5789C007412D4 /* Decoder.swift in Sources */,
			);
			runOnlyForDeploymentPostprocessing = 0;
		};
/* End PBXSourcesBuildPhase section */

/* Begin PBXVariantGroup section */
		60DF62CF26C1592100B8A83F /* Main.storyboard */ = {
			isa = PBXVariantGroup;
			children = (
				60DF62D026C1592100B8A83F /* Base */,
			);
			name = Main.storyboard;
			sourceTree = "<group>";
		};
		60DF62D426C1592300B8A83F /* LaunchScreen.storyboard */ = {
			isa = PBXVariantGroup;
			children = (
				60DF62D526C1592300B8A83F /* Base */,
			);
			name = LaunchScreen.storyboard;
			sourceTree = "<group>";
		};
/* End PBXVariantGroup section */

/* Begin XCBuildConfiguration section */
		60DF62D826C1592300B8A83F /* Debug */ = {
			isa = XCBuildConfiguration;
			buildSettings = {
				ALWAYS_SEARCH_USER_PATHS = NO;
				CLANG_ANALYZER_NONNULL = YES;
				CLANG_ANALYZER_NUMBER_OBJECT_CONVERSION = YES_AGGRESSIVE;
				CLANG_CXX_LANGUAGE_STANDARD = "gnu++14";
				CLANG_CXX_LIBRARY = "libc++";
				CLANG_ENABLE_MODULES = YES;
				CLANG_ENABLE_OBJC_ARC = YES;
				CLANG_ENABLE_OBJC_WEAK = YES;
				CLANG_WARN_BLOCK_CAPTURE_AUTORELEASING = YES;
				CLANG_WARN_BOOL_CONVERSION = YES;
				CLANG_WARN_COMMA = YES;
				CLANG_WARN_CONSTANT_CONVERSION = YES;
				CLANG_WARN_DEPRECATED_OBJC_IMPLEMENTATIONS = YES;
				CLANG_WARN_DIRECT_OBJC_ISA_USAGE = YES_ERROR;
				CLANG_WARN_DOCUMENTATION_COMMENTS = YES;
				CLANG_WARN_EMPTY_BODY = YES;
				CLANG_WARN_ENUM_CONVERSION = YES;
				CLANG_WARN_INFINITE_RECURSION = YES;
				CLANG_WARN_INT_CONVERSION = YES;
				CLANG_WARN_NON_LITERAL_NULL_CONVERSION = YES;
				CLANG_WARN_OBJC_IMPLICIT_RETAIN_SELF = YES;
				CLANG_WARN_OBJC_LITERAL_CONVERSION = YES;
				CLANG_WARN_OBJC_ROOT_CLASS = YES_ERROR;
				CLANG_WARN_QUOTED_INCLUDE_IN_FRAMEWORK_HEADER = YES;
				CLANG_WARN_RANGE_LOOP_ANALYSIS = YES;
				CLANG_WARN_STRICT_PROTOTYPES = YES;
				CLANG_WARN_SUSPICIOUS_MOVE = YES;
				CLANG_WARN_UNGUARDED_AVAILABILITY = YES_AGGRESSIVE;
				CLANG_WARN_UNREACHABLE_CODE = YES;
				CLANG_WARN__DUPLICATE_METHOD_MATCH = YES;
				COPY_PHASE_STRIP = NO;
				DEBUG_INFORMATION_FORMAT = dwarf;
				ENABLE_STRICT_OBJC_MSGSEND = YES;
				ENABLE_TESTABILITY = YES;
				GCC_C_LANGUAGE_STANDARD = gnu11;
				GCC_DYNAMIC_NO_PIC = NO;
				GCC_NO_COMMON_BLOCKS = YES;
				GCC_OPTIMIZATION_LEVEL = 0;
				GCC_PREPROCESSOR_DEFINITIONS = (
					"DEBUG=1",
					"$(inherited)",
				);
				GCC_WARN_64_TO_32_BIT_CONVERSION = YES;
				GCC_WARN_ABOUT_RETURN_TYPE = YES_ERROR;
				GCC_WARN_UNDECLARED_SELECTOR = YES;
				GCC_WARN_UNINITIALIZED_AUTOS = YES_AGGRESSIVE;
				GCC_WARN_UNUSED_FUNCTION = YES;
				GCC_WARN_UNUSED_VARIABLE = YES;
				IPHONEOS_DEPLOYMENT_TARGET = 14.5;
				MTL_ENABLE_DEBUG_INFO = INCLUDE_SOURCE;
				MTL_FAST_MATH = YES;
				ONLY_ACTIVE_ARCH = YES;
				SDKROOT = iphoneos;
				SWIFT_ACTIVE_COMPILATION_CONDITIONS = DEBUG;
				SWIFT_OPTIMIZATION_LEVEL = "-Onone";
			};
			name = Debug;
		};
		60DF62D926C1592300B8A83F /* Release */ = {
			isa = XCBuildConfiguration;
			buildSettings = {
				ALWAYS_SEARCH_USER_PATHS = NO;
				CLANG_ANALYZER_NONNULL = YES;
				CLANG_ANALYZER_NUMBER_OBJECT_CONVERSION = YES_AGGRESSIVE;
				CLANG_CXX_LANGUAGE_STANDARD = "gnu++14";
				CLANG_CXX_LIBRARY = "libc++";
				CLANG_ENABLE_MODULES = YES;
				CLANG_ENABLE_OBJC_ARC = YES;
				CLANG_ENABLE_OBJC_WEAK = YES;
				CLANG_WARN_BLOCK_CAPTURE_AUTORELEASING = YES;
				CLANG_WARN_BOOL_CONVERSION = YES;
				CLANG_WARN_COMMA = YES;
				CLANG_WARN_CONSTANT_CONVERSION = YES;
				CLANG_WARN_DEPRECATED_OBJC_IMPLEMENTATIONS = YES;
				CLANG_WARN_DIRECT_OBJC_ISA_USAGE = YES_ERROR;
				CLANG_WARN_DOCUMENTATION_COMMENTS = YES;
				CLANG_WARN_EMPTY_BODY = YES;
				CLANG_WARN_ENUM_CONVERSION = YES;
				CLANG_WARN_INFINITE_RECURSION = YES;
				CLANG_WARN_INT_CONVERSION = YES;
				CLANG_WARN_NON_LITERAL_NULL_CONVERSION = YES;
				CLANG_WARN_OBJC_IMPLICIT_RETAIN_SELF = YES;
				CLANG_WARN_OBJC_LITERAL_CONVERSION = YES;
				CLANG_WARN_OBJC_ROOT_CLASS = YES_ERROR;
				CLANG_WARN_QUOTED_INCLUDE_IN_FRAMEWORK_HEADER = YES;
				CLANG_WARN_RANGE_LOOP_ANALYSIS = YES;
				CLANG_WARN_STRICT_PROTOTYPES = YES;
				CLANG_WARN_SUSPICIOUS_MOVE = YES;
				CLANG_WARN_UNGUARDED_AVAILABILITY = YES_AGGRESSIVE;
				CLANG_WARN_UNREACHABLE_CODE = YES;
				CLANG_WARN__DUPLICATE_METHOD_MATCH = YES;
				COPY_PHASE_STRIP = NO;
				DEBUG_INFORMATION_FORMAT = "dwarf-with-dsym";
				ENABLE_NS_ASSERTIONS = NO;
				ENABLE_STRICT_OBJC_MSGSEND = YES;
				GCC_C_LANGUAGE_STANDARD = gnu11;
				GCC_NO_COMMON_BLOCKS = YES;
				GCC_WARN_64_TO_32_BIT_CONVERSION = YES;
				GCC_WARN_ABOUT_RETURN_TYPE = YES_ERROR;
				GCC_WARN_UNDECLARED_SELECTOR = YES;
				GCC_WARN_UNINITIALIZED_AUTOS = YES_AGGRESSIVE;
				GCC_WARN_UNUSED_FUNCTION = YES;
				GCC_WARN_UNUSED_VARIABLE = YES;
				IPHONEOS_DEPLOYMENT_TARGET = 14.5;
				MTL_ENABLE_DEBUG_INFO = NO;
				MTL_FAST_MATH = YES;
				SDKROOT = iphoneos;
				SWIFT_COMPILATION_MODE = wholemodule;
				SWIFT_OPTIMIZATION_LEVEL = "-O";
				VALIDATE_PRODUCT = YES;
			};
			name = Release;
		};
		60DF62DB26C1592300B8A83F /* Debug */ = {
			isa = XCBuildConfiguration;
			buildSettings = {
				ASSETCATALOG_COMPILER_APPICON_NAME = AppIcon;
				ASSETCATALOG_COMPILER_GLOBAL_ACCENT_COLOR_NAME = AccentColor;
				CODE_SIGN_STYLE = Automatic;
				DEVELOPMENT_TEAM = PLUM5QCSG5;
				INFOPLIST_FILE = "$(SRCROOT)/GoodFood/Application/SupportingFiles/Info.plist";
				LD_RUNPATH_SEARCH_PATHS = (
					"$(inherited)",
					"@executable_path/Frameworks",
				);
				PRODUCT_BUNDLE_IDENTIFIER = Grandschtien.GoodFood;
				PRODUCT_NAME = "$(TARGET_NAME)";
				SWIFT_VERSION = 5.0;
				TARGETED_DEVICE_FAMILY = 1;
			};
			name = Debug;
		};
		60DF62DC26C1592300B8A83F /* Release */ = {
			isa = XCBuildConfiguration;
			buildSettings = {
				ASSETCATALOG_COMPILER_APPICON_NAME = AppIcon;
				ASSETCATALOG_COMPILER_GLOBAL_ACCENT_COLOR_NAME = AccentColor;
				CODE_SIGN_STYLE = Automatic;
				DEVELOPMENT_TEAM = PLUM5QCSG5;
				INFOPLIST_FILE = "$(SRCROOT)/GoodFood/Application/SupportingFiles/Info.plist";
				LD_RUNPATH_SEARCH_PATHS = (
					"$(inherited)",
					"@executable_path/Frameworks",
				);
				PRODUCT_BUNDLE_IDENTIFIER = Grandschtien.GoodFood;
				PRODUCT_NAME = "$(TARGET_NAME)";
				SWIFT_VERSION = 5.0;
				TARGETED_DEVICE_FAMILY = 1;
			};
			name = Release;
		};
/* End XCBuildConfiguration section */

/* Begin XCConfigurationList section */
		60DF62C126C1592100B8A83F /* Build configuration list for PBXProject "GoodFood" */ = {
			isa = XCConfigurationList;
			buildConfigurations = (
				60DF62D826C1592300B8A83F /* Debug */,
				60DF62D926C1592300B8A83F /* Release */,
			);
			defaultConfigurationIsVisible = 0;
			defaultConfigurationName = Release;
		};
		60DF62DA26C1592300B8A83F /* Build configuration list for PBXNativeTarget "GoodFood" */ = {
			isa = XCConfigurationList;
			buildConfigurations = (
				60DF62DB26C1592300B8A83F /* Debug */,
				60DF62DC26C1592300B8A83F /* Release */,
			);
			defaultConfigurationIsVisible = 0;
			defaultConfigurationName = Release;
		};
/* End XCConfigurationList section */
	};
	rootObject = 60DF62BE26C1592100B8A83F /* Project object */;
}
